
Microsoft Visual Studio Solution File, Format Version 12.00
# Visual Studio 15
VisualStudioVersion = 15.0.27428.2015
MinimumVisualStudioVersion = 10.0.40219.1
Project("{FAE04EC0-301F-11D3-BF4B-00C04F79EFBC}") = "Airports", "Airports\Airports.csproj", "{7E45517F-B8B3-412F-B233-1E9FB20CE41B}"
EndProject
Project("{FAE04EC0-301F-11D3-BF4B-00C04F79EFBC}") = "Airports.Base", "Airports.Base\Airports.Base.csproj", "{55F986B1-FD1B-4861-BCDE-8675A2551DCE}"
EndProject
Project("{FAE04EC0-301F-11D3-BF4B-00C04F79EFBC}") = "Airports.BLL", "Airports.BLL\Airports.BLL.csproj", "{8D614E95-53E1-49FF-9E3B-6EF70134699A}"
EndProject
Project("{FAE04EC0-301F-11D3-BF4B-00C04F79EFBC}") = "Airports.DAL", "Airports.DAL\Airports.DAL.csproj", "{43D771D8-4817-4BA5-9454-CC0E35248E5D}"
EndProject
Project("{FAE04EC0-301F-11D3-BF4B-00C04F79EFBC}") = "Airports.Scheduler", "Airports.Scheduler\Airports.Scheduler.csproj", "{FBBC253B-6875-4663-BE3A-D6EB2108E322}"
EndProject
Global
	GlobalSection(SolutionConfigurationPlatforms) = preSolution
		Debug|Any CPU = Debug|Any CPU
		Release|Any CPU = Release|Any CPU
	EndGlobalSection
	GlobalSection(ProjectConfigurationPlatforms) = postSolution
		{7E45517F-B8B3-412F-B233-1E9FB20CE41B}.Debug|Any CPU.ActiveCfg = Debug|Any CPU
		{7E45517F-B8B3-412F-B233-1E9FB20CE41B}.Debug|Any CPU.Build.0 = Debug|Any CPU
		{7E45517F-B8B3-412F-B233-1E9FB20CE41B}.Release|Any CPU.ActiveCfg = Release|Any CPU
		{7E45517F-B8B3-412F-B233-1E9FB20CE41B}.Release|Any CPU.Build.0 = Release|Any CPU
		{55F986B1-FD1B-4861-BCDE-8675A2551DCE}.Debug|Any CPU.ActiveCfg = Debug|Any CPU
		{55F986B1-FD1B-4861-BCDE-8675A2551DCE}.Debug|Any CPU.Build.0 = Debug|Any CPU
		{55F986B1-FD1B-4861-BCDE-8675A2551DCE}.Release|Any CPU.ActiveCfg = Release|Any CPU
		{55F986B1-FD1B-4861-BCDE-8675A2551DCE}.Release|Any CPU.Build.0 = Release|Any CPU
		{8D614E95-53E1-49FF-9E3B-6EF70134699A}.Debug|Any CPU.ActiveCfg = Debug|Any CPU
		{8D614E95-53E1-49FF-9E3B-6EF70134699A}.Debug|Any CPU.Build.0 = Debug|Any CPU
		{8D614E95-53E1-49FF-9E3B-6EF70134699A}.Release|Any CPU.ActiveCfg = Release|Any CPU
		{8D614E95-53E1-49FF-9E3B-6EF70134699A}.Release|Any CPU.Build.0 = Release|Any CPU
		{43D771D8-4817-4BA5-9454-CC0E35248E5D}.Debug|Any CPU.ActiveCfg = Debug|Any CPU
		{43D771D8-4817-4BA5-9454-CC0E35248E5D}.Debug|Any CPU.Build.0 = Debug|Any CPU
		{43D771D8-4817-4BA5-9454-CC0E35248E5D}.Release|Any CPU.ActiveCfg = Release|Any CPU
		{43D771D8-4817-4BA5-9454-CC0E35248E5D}.Release|Any CPU.Build.0 = Release|Any CPU
		{FBBC253B-6875-4663-BE3A-D6EB2108E322}.Debug|Any CPU.ActiveCfg = Debug|Any CPU
		{FBBC253B-6875-4663-BE3A-D6EB2108E322}.Debug|Any CPU.Build.0 = Debug|Any CPU
		{FBBC253B-6875-4663-BE3A-D6EB2108E322}.Release|Any CPU.ActiveCfg = Release|Any CPU
		{FBBC253B-6875-4663-BE3A-D6EB2108E322}.Release|Any CPU.Build.0 = Release|Any CPU
	EndGlobalSection
	GlobalSection(SolutionProperties) = preSolution
		HideSolutionNode = FALSE
	EndGlobalSection
	GlobalSection(ExtensibilityGlobals) = postSolution
		SolutionGuid = {E2CBAC15-A628-427E-9A40-7FAC1DF9E035}
	EndGlobalSection
EndGlobal
